
Microsoft Visual Studio Solution File, Format Version 12.00
# Visual Studio 14
VisualStudioVersion = 14.0.25420.1
MinimumVisualStudioVersion = 10.0.40219.1
Project("{FAE04EC0-301F-11D3-BF4B-00C04F79EFBC}") = "Chp12Lsn7", "Chp12Lsn7\Chp12Lsn7.csproj", "{AF16DA53-8070-45CB-A640-E61B15201D48}"
EndProject
Project("{FAE04EC0-301F-11D3-BF4B-00C04F79EFBC}") = "UserCommunication", "UserCommunication\UserCommunication.csproj", "{5F26320F-5DC6-49AB-8FB7-E13372E789B0}"
EndProject
Project("{FAE04EC0-301F-11D3-BF4B-00C04F79EFBC}") = "UnitTestProject", "UnitTestProject\UnitTestProject.csproj", "{5D91AF42-AE4C-497A-9096-5FC0B01E9440}"
EndProject
Global
	GlobalSection(SolutionConfigurationPlatforms) = preSolution
		Debug|Any CPU = Debug|Any CPU
		Release|Any CPU = Release|Any CPU
	EndGlobalSection
	GlobalSection(ProjectConfigurationPlatforms) = postSolution
		{AF16DA53-8070-45CB-A640-E61B15201D48}.Debug|Any CPU.ActiveCfg = Debug|Any CPU
		{AF16DA53-8070-45CB-A640-E61B15201D48}.Debug|Any CPU.Build.0 = Debug|Any CPU
		{AF16DA53-8070-45CB-A640-E61B15201D48}.Release|Any CPU.ActiveCfg = Release|Any CPU
		{AF16DA53-8070-45CB-A640-E61B15201D48}.Release|Any CPU.Build.0 = Release|Any CPU
		{5F26320F-5DC6-49AB-8FB7-E13372E789B0}.Debug|Any CPU.ActiveCfg = Debug|Any CPU
		{5F26320F-5DC6-49AB-8FB7-E13372E789B0}.Debug|Any CPU.Build.0 = Debug|Any CPU
		{5F26320F-5DC6-49AB-8FB7-E13372E789B0}.Release|Any CPU.ActiveCfg = Release|Any CPU
		{5F26320F-5DC6-49AB-8FB7-E13372E789B0}.Release|Any CPU.Build.0 = Release|Any CPU
		{5D91AF42-AE4C-497A-9096-5FC0B01E9440}.Debug|Any CPU.ActiveCfg = Debug|Any CPU
		{5D91AF42-AE4C-497A-9096-5FC0B01E9440}.Debug|Any CPU.Build.0 = Debug|Any CPU
		{5D91AF42-AE4C-497A-9096-5FC0B01E9440}.Release|Any CPU.ActiveCfg = Release|Any CPU
		{5D91AF42-AE4C-497A-9096-5FC0B01E9440}.Release|Any CPU.Build.0 = Release|Any CPU
	EndGlobalSection
	GlobalSection(SolutionProperties) = preSolution
		HideSolutionNode = FALSE
	EndGlobalSection
EndGlobal
