
Microsoft Visual Studio Solution File, Format Version 12.00
# Visual Studio 14
VisualStudioVersion = 14.0.25420.1
MinimumVisualStudioVersion = 10.0.40219.1
Project("{FAE04EC0-301F-11D3-BF4B-00C04F79EFBC}") = "Chp6Lsn3", "Chp6Lsn3\Chp6Lsn3.csproj", "{5DC17ABF-542E-469B-ADD7-F0A824BD6207}"
EndProject
Project("{FAE04EC0-301F-11D3-BF4B-00C04F79EFBC}") = "UnitTestProject", "UnitTestProject\UnitTestProject.csproj", "{1DA363C9-0B46-4C69-816A-3D6381FAB31F}"
EndProject
Global
	GlobalSection(SolutionConfigurationPlatforms) = preSolution
		Debug|Any CPU = Debug|Any CPU
		Release|Any CPU = Release|Any CPU
	EndGlobalSection
	GlobalSection(ProjectConfigurationPlatforms) = postSolution
		{5DC17ABF-542E-469B-ADD7-F0A824BD6207}.Debug|Any CPU.ActiveCfg = Debug|Any CPU
		{5DC17ABF-542E-469B-ADD7-F0A824BD6207}.Debug|Any CPU.Build.0 = Debug|Any CPU
		{5DC17ABF-542E-469B-ADD7-F0A824BD6207}.Release|Any CPU.ActiveCfg = Release|Any CPU
		{5DC17ABF-542E-469B-ADD7-F0A824BD6207}.Release|Any CPU.Build.0 = Release|Any CPU
		{1DA363C9-0B46-4C69-816A-3D6381FAB31F}.Debug|Any CPU.ActiveCfg = Debug|Any CPU
		{1DA363C9-0B46-4C69-816A-3D6381FAB31F}.Debug|Any CPU.Build.0 = Debug|Any CPU
		{1DA363C9-0B46-4C69-816A-3D6381FAB31F}.Release|Any CPU.ActiveCfg = Release|Any CPU
		{1DA363C9-0B46-4C69-816A-3D6381FAB31F}.Release|Any CPU.Build.0 = Release|Any CPU
	EndGlobalSection
	GlobalSection(SolutionProperties) = preSolution
		HideSolutionNode = FALSE
	EndGlobalSection
EndGlobal
